{
  "name": "cheezcode",
  "version": "1.0.0",
  "lockfileVersion": 3,
  "requires": true,
  "packages": {
    "": {
      "name": "cheezcode",
      "version": "1.0.0",
      "license": "ISC",
      "dependencies": {
        "persian-figlet": "^0.9.0"
      }
    },
    "node_modules/persian-figlet": {
      "version": "0.9.0",
      "resolved": "https://registry.npmjs.org/persian-figlet/-/persian-figlet-0.9.0.tgz",
      "integrity": "sha512-psIZBTfdh3oY25oDmV39F97e3HQ3/JHIWqtCQ/2DUfsQUpHfDHVk+rxTm2cx5z+0Gce5UqCRfgE3jYCK5ZC8rw==",
      "license": "MIT",
      "workspaces": [
        "website",
        "cli"
      ],
      "bin": {
        "persian-figlet": "lib/cli.js"
      }
    }
  }
}
